
Microsoft Visual Studio Solution File, Format Version 12.00
# Visual Studio 15
VisualStudioVersion = 15.0.26228.9
MinimumVisualStudioVersion = 10.0.40219.1
Project("{2150E333-8FDC-42A3-9474-1A3956D46DE8}") = "Library", "Library", "{8F7C37A6-2C78-4230-8E0A-A0C36603544E}"
EndProject
Project("{2150E333-8FDC-42A3-9474-1A3956D46DE8}") = "Tools", "Tools", "{3A742DD2-45C1-4DAC-A3E0-8507739D7CF1}"
EndProject
Project("{9A19103F-16F7-4668-BE54-9A1E7A4F7556}") = "SslLabsLib", "Library\SslLabsLib\SslLabsLib.csproj", "{8DE6F280-D62D-4CC4-AD3E-D7FB4154B6E2}"
EndProject
Project("{9A19103F-16F7-4668-BE54-9A1E7A4F7556}") = "SslLabsLib.Tests", "Library\SslLabsLib.Tests\SslLabsLib.Tests.csproj", "{821C5384-CE0D-4EEB-BF1D-83BFC898D992}"
EndProject
Project("{9A19103F-16F7-4668-BE54-9A1E7A4F7556}") = "SslLabsCli", "Tools\SslLabsCli\SslLabsCli.csproj", "{EC252762-0AEE-4303-9CAF-C567F56B7C7B}"
EndProject
Project("{9A19103F-16F7-4668-BE54-9A1E7A4F7556}") = "SslLabsMassScan", "Tools\SslLabsMassScan\SslLabsMassScan.csproj", "{18610F45-89B2-4DA8-8CF2-FBD7C4F3A0A7}"
EndProject
Project("{9A19103F-16F7-4668-BE54-9A1E7A4F7556}") = "TestApplication", "Tools\TestApplication\TestApplication.csproj", "{1B2246B7-AF34-4251-B383-25F4594CE127}"
EndProject
Global
	GlobalSection(SolutionConfigurationPlatforms) = preSolution
		Debug|Any CPU = Debug|Any CPU
		Release|Any CPU = Release|Any CPU
	EndGlobalSection
	GlobalSection(ProjectConfigurationPlatforms) = postSolution
		{8DE6F280-D62D-4CC4-AD3E-D7FB4154B6E2}.Debug|Any CPU.ActiveCfg = Debug|Any CPU
		{8DE6F280-D62D-4CC4-AD3E-D7FB4154B6E2}.Debug|Any CPU.Build.0 = Debug|Any CPU
		{8DE6F280-D62D-4CC4-AD3E-D7FB4154B6E2}.Release|Any CPU.ActiveCfg = Release|Any CPU
		{8DE6F280-D62D-4CC4-AD3E-D7FB4154B6E2}.Release|Any CPU.Build.0 = Release|Any CPU
		{821C5384-CE0D-4EEB-BF1D-83BFC898D992}.Debug|Any CPU.ActiveCfg = Debug|Any CPU
		{821C5384-CE0D-4EEB-BF1D-83BFC898D992}.Debug|Any CPU.Build.0 = Debug|Any CPU
		{821C5384-CE0D-4EEB-BF1D-83BFC898D992}.Release|Any CPU.ActiveCfg = Release|Any CPU
		{821C5384-CE0D-4EEB-BF1D-83BFC898D992}.Release|Any CPU.Build.0 = Release|Any CPU
		{EC252762-0AEE-4303-9CAF-C567F56B7C7B}.Debug|Any CPU.ActiveCfg = Debug|Any CPU
		{EC252762-0AEE-4303-9CAF-C567F56B7C7B}.Debug|Any CPU.Build.0 = Debug|Any CPU
		{EC252762-0AEE-4303-9CAF-C567F56B7C7B}.Release|Any CPU.ActiveCfg = Release|Any CPU
		{EC252762-0AEE-4303-9CAF-C567F56B7C7B}.Release|Any CPU.Build.0 = Release|Any CPU
		{18610F45-89B2-4DA8-8CF2-FBD7C4F3A0A7}.Debug|Any CPU.ActiveCfg = Debug|Any CPU
		{18610F45-89B2-4DA8-8CF2-FBD7C4F3A0A7}.Debug|Any CPU.Build.0 = Debug|Any CPU
		{18610F45-89B2-4DA8-8CF2-FBD7C4F3A0A7}.Release|Any CPU.ActiveCfg = Release|Any CPU
		{18610F45-89B2-4DA8-8CF2-FBD7C4F3A0A7}.Release|Any CPU.Build.0 = Release|Any CPU
		{1B2246B7-AF34-4251-B383-25F4594CE127}.Debug|Any CPU.ActiveCfg = Debug|Any CPU
		{1B2246B7-AF34-4251-B383-25F4594CE127}.Debug|Any CPU.Build.0 = Debug|Any CPU
		{1B2246B7-AF34-4251-B383-25F4594CE127}.Release|Any CPU.ActiveCfg = Release|Any CPU
		{1B2246B7-AF34-4251-B383-25F4594CE127}.Release|Any CPU.Build.0 = Release|Any CPU
	EndGlobalSection
	GlobalSection(SolutionProperties) = preSolution
		HideSolutionNode = FALSE
	EndGlobalSection
	GlobalSection(NestedProjects) = preSolution
		{8DE6F280-D62D-4CC4-AD3E-D7FB4154B6E2} = {8F7C37A6-2C78-4230-8E0A-A0C36603544E}
		{821C5384-CE0D-4EEB-BF1D-83BFC898D992} = {8F7C37A6-2C78-4230-8E0A-A0C36603544E}
		{EC252762-0AEE-4303-9CAF-C567F56B7C7B} = {3A742DD2-45C1-4DAC-A3E0-8507739D7CF1}
		{18610F45-89B2-4DA8-8CF2-FBD7C4F3A0A7} = {3A742DD2-45C1-4DAC-A3E0-8507739D7CF1}
		{1B2246B7-AF34-4251-B383-25F4594CE127} = {3A742DD2-45C1-4DAC-A3E0-8507739D7CF1}
	EndGlobalSection
EndGlobal
